
Microsoft Visual Studio Solution File, Format Version 12.00
# Visual Studio Version 16
VisualStudioVersion = 16.0.30804.86
MinimumVisualStudioVersion = 10.0.40219.1
Project("{FAE04EC0-301F-11D3-BF4B-00C04F79EFBC}") = "InterpolatedVerbatimDemo", "InterpolatedVerbatimDemo\InterpolatedVerbatimDemo.csproj", "{4CE643EF-2C5D-4343-B073-4DB7E309ECDB}"
EndProject
Global
	GlobalSection(SolutionConfigurationPlatforms) = preSolution
		Debug|Any CPU = Debug|Any CPU
		Release|Any CPU = Release|Any CPU
	EndGlobalSection
	GlobalSection(ProjectConfigurationPlatforms) = postSolution
		{4CE643EF-2C5D-4343-B073-4DB7E309ECDB}.Debug|Any CPU.ActiveCfg = Debug|Any CPU
		{4CE643EF-2C5D-4343-B073-4DB7E309ECDB}.Debug|Any CPU.Build.0 = Debug|Any CPU
		{4CE643EF-2C5D-4343-B073-4DB7E309ECDB}.Release|Any CPU.ActiveCfg = Release|Any CPU
		{4CE643EF-2C5D-4343-B073-4DB7E309ECDB}.Release|Any CPU.Build.0 = Release|Any CPU
	EndGlobalSection
	GlobalSection(SolutionProperties) = preSolution
		HideSolutionNode = FALSE
	EndGlobalSection
	GlobalSection(ExtensibilityGlobals) = postSolution
		SolutionGuid = {5A0B055B-01FB-4920-AF5E-9060725AF211}
	EndGlobalSection
EndGlobal
