
Microsoft Visual Studio Solution File, Format Version 12.00
# Visual Studio Version 16
VisualStudioVersion = 16.0.30804.86
MinimumVisualStudioVersion = 10.0.40219.1
Project("{FAE04EC0-301F-11D3-BF4B-00C04F79EFBC}") = "DisoposableDemo", "DisoposableDemo.csproj", "{EBDA9B8D-0703-4C05-93A7-FCF6F365D74C}"
EndProject
Global
	GlobalSection(SolutionConfigurationPlatforms) = preSolution
		Debug|Any CPU = Debug|Any CPU
		Release|Any CPU = Release|Any CPU
	EndGlobalSection
	GlobalSection(ProjectConfigurationPlatforms) = postSolution
		{EBDA9B8D-0703-4C05-93A7-FCF6F365D74C}.Debug|Any CPU.ActiveCfg = Debug|Any CPU
		{EBDA9B8D-0703-4C05-93A7-FCF6F365D74C}.Debug|Any CPU.Build.0 = Debug|Any CPU
		{EBDA9B8D-0703-4C05-93A7-FCF6F365D74C}.Release|Any CPU.ActiveCfg = Release|Any CPU
		{EBDA9B8D-0703-4C05-93A7-FCF6F365D74C}.Release|Any CPU.Build.0 = Release|Any CPU
	EndGlobalSection
	GlobalSection(SolutionProperties) = preSolution
		HideSolutionNode = FALSE
	EndGlobalSection
	GlobalSection(ExtensibilityGlobals) = postSolution
		SolutionGuid = {DD414A3B-7F71-4AA5-AB9A-62BC870A75D6}
	EndGlobalSection
EndGlobal
