
Microsoft Visual Studio Solution File, Format Version 12.00
# Visual Studio Version 16
VisualStudioVersion = 16.0.30804.86
MinimumVisualStudioVersion = 10.0.40219.1
Project("{FAE04EC0-301F-11D3-BF4B-00C04F79EFBC}") = "DependecyInjectionDemoCore", "DependecyInjectionDemoCore.csproj", "{8662AE7F-E536-4829-BFF7-0B6910133604}"
EndProject
Global
	GlobalSection(SolutionConfigurationPlatforms) = preSolution
		Debug|Any CPU = Debug|Any CPU
		Release|Any CPU = Release|Any CPU
	EndGlobalSection
	GlobalSection(ProjectConfigurationPlatforms) = postSolution
		{8662AE7F-E536-4829-BFF7-0B6910133604}.Debug|Any CPU.ActiveCfg = Debug|Any CPU
		{8662AE7F-E536-4829-BFF7-0B6910133604}.Debug|Any CPU.Build.0 = Debug|Any CPU
		{8662AE7F-E536-4829-BFF7-0B6910133604}.Release|Any CPU.ActiveCfg = Release|Any CPU
		{8662AE7F-E536-4829-BFF7-0B6910133604}.Release|Any CPU.Build.0 = Release|Any CPU
	EndGlobalSection
	GlobalSection(SolutionProperties) = preSolution
		HideSolutionNode = FALSE
	EndGlobalSection
	GlobalSection(ExtensibilityGlobals) = postSolution
		SolutionGuid = {1D6D2C25-D594-4943-A0A3-A6BDEE5A701A}
	EndGlobalSection
EndGlobal
