
Microsoft Visual Studio Solution File, Format Version 12.00
# Visual Studio Version 16
VisualStudioVersion = 16.0.30804.86
MinimumVisualStudioVersion = 10.0.40219.1
Project("{FAE04EC0-301F-11D3-BF4B-00C04F79EFBC}") = "ReadOnlyDemo", "ReadOnlyDemo\ReadOnlyDemo.csproj", "{E8002E69-5232-45DF-8C1E-308F2D00CAA5}"
EndProject
Project("{FAE04EC0-301F-11D3-BF4B-00C04F79EFBC}") = "ReadOnlyConsole", "ReadOnlyConsole\ReadOnlyConsole.csproj", "{4AC60A2F-BE59-4A3B-BAF9-CDBD7ADE8969}"
EndProject
Global
	GlobalSection(SolutionConfigurationPlatforms) = preSolution
		Debug|Any CPU = Debug|Any CPU
		Release|Any CPU = Release|Any CPU
	EndGlobalSection
	GlobalSection(ProjectConfigurationPlatforms) = postSolution
		{E8002E69-5232-45DF-8C1E-308F2D00CAA5}.Debug|Any CPU.ActiveCfg = Debug|Any CPU
		{E8002E69-5232-45DF-8C1E-308F2D00CAA5}.Debug|Any CPU.Build.0 = Debug|Any CPU
		{E8002E69-5232-45DF-8C1E-308F2D00CAA5}.Release|Any CPU.ActiveCfg = Release|Any CPU
		{E8002E69-5232-45DF-8C1E-308F2D00CAA5}.Release|Any CPU.Build.0 = Release|Any CPU
		{4AC60A2F-BE59-4A3B-BAF9-CDBD7ADE8969}.Debug|Any CPU.ActiveCfg = Debug|Any CPU
		{4AC60A2F-BE59-4A3B-BAF9-CDBD7ADE8969}.Debug|Any CPU.Build.0 = Debug|Any CPU
		{4AC60A2F-BE59-4A3B-BAF9-CDBD7ADE8969}.Release|Any CPU.ActiveCfg = Release|Any CPU
		{4AC60A2F-BE59-4A3B-BAF9-CDBD7ADE8969}.Release|Any CPU.Build.0 = Release|Any CPU
	EndGlobalSection
	GlobalSection(SolutionProperties) = preSolution
		HideSolutionNode = FALSE
	EndGlobalSection
	GlobalSection(ExtensibilityGlobals) = postSolution
		SolutionGuid = {DE31ED61-55BF-45F4-BAF2-5409249601C0}
	EndGlobalSection
EndGlobal
