
Microsoft Visual Studio Solution File, Format Version 12.00
# Visual Studio Version 16
VisualStudioVersion = 16.0.30804.86
MinimumVisualStudioVersion = 10.0.40219.1
Project("{FAE04EC0-301F-11D3-BF4B-00C04F79EFBC}") = "SerilogDemo", "SerilogDemo\SerilogDemo.csproj", "{E989F23D-DC6C-4DB2-89AA-E91027DFF8B0}"
EndProject
Global
	GlobalSection(SolutionConfigurationPlatforms) = preSolution
		Debug|Any CPU = Debug|Any CPU
		Release|Any CPU = Release|Any CPU
	EndGlobalSection
	GlobalSection(ProjectConfigurationPlatforms) = postSolution
		{E989F23D-DC6C-4DB2-89AA-E91027DFF8B0}.Debug|Any CPU.ActiveCfg = Debug|Any CPU
		{E989F23D-DC6C-4DB2-89AA-E91027DFF8B0}.Debug|Any CPU.Build.0 = Debug|Any CPU
		{E989F23D-DC6C-4DB2-89AA-E91027DFF8B0}.Release|Any CPU.ActiveCfg = Release|Any CPU
		{E989F23D-DC6C-4DB2-89AA-E91027DFF8B0}.Release|Any CPU.Build.0 = Release|Any CPU
	EndGlobalSection
	GlobalSection(SolutionProperties) = preSolution
		HideSolutionNode = FALSE
	EndGlobalSection
	GlobalSection(ExtensibilityGlobals) = postSolution
		SolutionGuid = {4C9412A9-DC85-4209-A135-A3258492BF7D}
	EndGlobalSection
EndGlobal
